PODS:
  - Flutter (1.0.0)
  - flutter_local_notifications (0.0.1):
    - Flutter
  - google_maps_flutter_ios (0.0.1):
    - Flutter
    - GoogleMaps (< 9.0)
  - GoogleMaps (6.2.1):
    - GoogleMaps/Maps (= 6.2.1)
  - GoogleMaps/Base (6.2.1)
  - GoogleMaps/Maps (6.2.1):
    - GoogleMaps/Base
  - image_picker_ios (0.0.1):
    - Flutter

DEPENDENCIES:
  - Flutter (from `Flutter`)
  - flutter_local_notifications (from `.symlinks/plugins/flutter_local_notifications/ios`)
  - google_maps_flutter_ios (from `.symlinks/plugins/google_maps_flutter_ios/ios`)
  - image_picker_ios (from `.symlinks/plugins/image_picker_ios/ios`)

SPEC REPOS:
  trunk:
    - GoogleMaps

EXTERNAL SOURCES:
  Flutter:
    :path: Flutter
  flutter_local_notifications:
    :path: ".symlinks/plugins/flutter_local_notifications/ios"
  google_maps_flutter_ios:
    :path: ".symlinks/plugins/google_maps_flutter_ios/ios"
  image_picker_ios:
    :path: ".symlinks/plugins/image_picker_ios/ios"

SPEC CHECKSUMS:
  Flutter: e0871f40cf51350855a761d2e70bf5af5b9b5de7
  flutter_local_notifications: 0c0b1ae97e741e1521e4c1629a459d04b9aec743
  google_maps_flutter_ios: f135b968a67c05679e0a53538e900b5c174b0d99
  GoogleMaps: 20d7b12be49a14287f797e88e0e31bc4156aaeb4
  image_picker_ios: b545a5f16c0fa88e3ecbbce3ed4de45567a8ec18

PODFILE CHECKSUM: 819463e6a0290f5a72f145ba7cde16e8b6ef0796

COCOAPODS: 1.15.2
